Microsoft Visual Studio Solution File, Format Version 12.00
# Visual Studio 15
VisualStudioVersion = 15.0.27130.2024
MinimumVisualStudioVersion = 10.0.40219.1
Project("{FAE04EC0-301F-11D3-BF4B-00C04F79EFBC}") = "GymShark", "GymShark.csproj", "{86317631-F74E-4244-9ADA-B83532277382}"
EndProject
Project("{FAE04EC0-301F-11D3-BF4B-00C04F79EFBC}") = "WebbserviceUppgift2", "WebbserviceUppgift2\WebbserviceUppgift2.csproj", "{267E32B6-33BB-4442-A082-F2D72AC7CC01}"
EndProject
Global
	GlobalSection(SolutionConfigurationPlatforms) = preSolution
		Debug|Any CPU = Debug|Any CPU
		Release|Any CPU = Release|Any CPU
	EndGlobalSection
	GlobalSection(ProjectConfigurationPlatforms) = postSolution
		{86317631-F74E-4244-9ADA-B83532277382}.Debug|Any CPU.ActiveCfg = Debug|Any CPU
		{86317631-F74E-4244-9ADA-B83532277382}.Debug|Any CPU.Build.0 = Debug|Any CPU
		{86317631-F74E-4244-9ADA-B83532277382}.Release|Any CPU.ActiveCfg = Release|Any CPU
		{86317631-F74E-4244-9ADA-B83532277382}.Release|Any CPU.Build.0 = Release|Any CPU
		{267E32B6-33BB-4442-A082-F2D72AC7CC01}.Debug|Any CPU.ActiveCfg = Debug|Any CPU
		{267E32B6-33BB-4442-A082-F2D72AC7CC01}.Debug|Any CPU.Build.0 = Debug|Any CPU
		{267E32B6-33BB-4442-A082-F2D72AC7CC01}.Release|Any CPU.ActiveCfg = Release|Any CPU
		{267E32B6-33BB-4442-A082-F2D72AC7CC01}.Release|Any CPU.Build.0 = Release|Any CPU
	EndGlobalSection
	GlobalSection(SolutionProperties) = preSolution
		HideSolutionNode = FALSE
	EndGlobalSection
	GlobalSection(ExtensibilityGlobals) = postSolution
		SolutionGuid = {C26BA65D-B75B-4A9C-BCBB-FE081B57CAE1}
	EndGlobalSection
EndGlobal
